// !$*UTF8*$!
{
	archiveVersion = 1;
	classes = {
	};
	objectVersion = 56;
	objects = {

/* Begin PBXBuildFile section */
		04D5F7242B3E99B900AE913C /* NetworkLayerIOSApp.swift in Sources */ = {isa = PBXBuildFile; fileRef = 04D5F7232B3E99B900AE913C /* NetworkLayerIOSApp.swift */; };
		04D5F7262B3E99B900AE913C /* ContentView.swift in Sources */ = {isa = PBXBuildFile; fileRef = 04D5F7252B3E99B900AE913C /* ContentView.swift */; };
		04D5F7282B3E99BA00AE913C /* Assets.xcassets in Resources */ = {isa = PBXBuildFile; fileRef = 04D5F7272B3E99BA00AE913C /* Assets.xcassets */; };
		04D5F72B2B3E99BA00AE913C /* Preview Assets.xcassets in Resources */ = {isa = PBXBuildFile; fileRef = 04D5F72A2B3E99BA00AE913C /* Preview Assets.xcassets */; };
		04D5F7362B3E9A1200AE913C /* HTTPClient.swift in Sources */ = {isa = PBXBuildFile; fileRef = 04D5F7332B3E9A1200AE913C /* HTTPClient.swift */; };
		04D5F7372B3E9A1200AE913C /* NetworkError.swift in Sources */ = {isa = PBXBuildFile; fileRef = 04D5F7342B3E9A1200AE913C /* NetworkError.swift */; };
		04D5F7382B3E9A1200AE913C /* Endpoint.swift in Sources */ = {isa = PBXBuildFile; fileRef = 04D5F7352B3E9A1200AE913C /* Endpoint.swift */; };
		04D5F73B2B3E9B2100AE913C /* AppEndpoints.swift in Sources */ = {isa = PBXBuildFile; fileRef = 04D5F73A2B3E9B2100AE913C /* AppEndpoints.swift */; };
		04D5F73F2B3EA26D00AE913C /* LoginRequest.swift in Sources */ = {isa = PBXBuildFile; fileRef = 04D5F73E2B3EA26D00AE913C /* LoginRequest.swift */; };
		04D5F7412B3EA2E300AE913C /* RegisterRequest.swift in Sources */ = {isa = PBXBuildFile; fileRef = 04D5F7402B3EA2E300AE913C /* RegisterRequest.swift */; };
		04D5F7442B3EA83400AE913C /* AppService.swift in Sources */ = {isa = PBXBuildFile; fileRef = 04D5F7432B3EA83400AE913C /* AppService.swift */; };
		04D5F7462B3EB11700AE913C /* Post.swift in Sources */ = {isa = PBXBuildFile; fileRef = 04D5F7452B3EB11700AE913C /* Post.swift */; };
/* End PBXBuildFile section */

/* Begin PBXFileReference section */
		04D5F7202B3E99B900AE913C /* NetworkLayerIOS.app */ = {isa = PBXFileReference; explicitFileType = wrapper.application; includeInIndex = 0; path = NetworkLayerIOS.app; sourceTree = BUILT_PRODUCTS_DIR; };
		04D5F7232B3E99B900AE913C /* NetworkLayerIOSApp.swift */ = {isa = PBXFileReference; lastKnownFileType = sourcecode.swift; path = NetworkLayerIOSApp.swift; sourceTree = "<group>"; };
		04D5F7252B3E99B900AE913C /* ContentView.swift */ = {isa = PBXFileReference; lastKnownFileType = sourcecode.swift; path = ContentView.swift; sourceTree = "<group>"; };
		04D5F7272B3E99BA00AE913C /* Assets.xcassets */ = {isa = PBXFileReference; lastKnownFileType = folder.assetcatalog; path = Assets.xcassets; sourceTree = "<group>"; };
		04D5F72A2B3E99BA00AE913C /* Preview Assets.xcassets */ = {isa = PBXFileReference; lastKnownFileType = folder.assetcatalog; path = "Preview Assets.xcassets"; sourceTree = "<group>"; };
		04D5F7332B3E9A1200AE913C /* HTTPClient.swift */ = {isa = PBXFileReference; fileEncoding = 4; lastKnownFileType = sourcecode.swift; path = HTTPClient.swift; sourceTree = "<group>"; };
		04D5F7342B3E9A1200AE913C /* NetworkError.swift */ = {isa = PBXFileReference; fileEncoding = 4; lastKnownFileType = sourcecode.swift; path = NetworkError.swift; sourceTree = "<group>"; };
		04D5F7352B3E9A1200AE913C /* Endpoint.swift */ = {isa = PBXFileReference; fileEncoding = 4; lastKnownFileType = sourcecode.swift; path = Endpoint.swift; sourceTree = "<group>"; };
		04D5F73A2B3E9B2100AE913C /* AppEndpoints.swift */ = {isa = PBXFileReference; lastKnownFileType = sourcecode.swift; path = AppEndpoints.swift; sourceTree = "<group>"; };
		04D5F73E2B3EA26D00AE913C /* LoginRequest.swift */ = {isa = PBXFileReference; lastKnownFileType = sourcecode.swift; path = LoginRequest.swift; sourceTree = "<group>"; };
		04D5F7402B3EA2E300AE913C /* RegisterRequest.swift */ = {isa = PBXFileReference; lastKnownFileType = sourcecode.swift; path = RegisterRequest.swift; sourceTree = "<group>"; };
		04D5F7432B3EA83400AE913C /* AppService.swift */ = {isa = PBXFileReference; lastKnownFileType = sourcecode.swift; path = AppService.swift; sourceTree = "<group>"; };
		04D5F7452B3EB11700AE913C /* Post.swift */ = {isa = PBXFileReference; lastKnownFileType = sourcecode.swift; path = Post.swift; sourceTree = "<group>"; };
/* End PBXFileReference section */

/* Begin PBXFrameworksBuildPhase section */
		04D5F71D2B3E99B900AE913C /* Frameworks */ = {
			isa = PBXFrameworksBuildPhase;
			buildActionMask = 2147483647;
			files = (
			);
			runOnlyForDeploymentPostprocessing = 0;
		};
/* End PBXFrameworksBuildPhase section */

/* Begin PBXGroup section */
		04D5F7172B3E99B900AE913C = {
			isa = PBXGroup;
			children = (
				04D5F7222B3E99B900AE913C /* NetworkLayerIOS */,
				04D5F7212B3E99B900AE913C /* Products */,
			);
			sourceTree = "<group>";
		};
		04D5F7212B3E99B900AE913C /* Products */ = {
			isa = PBXGroup;
			children = (
				04D5F7202B3E99B900AE913C /* NetworkLayerIOS.app */,
			);
			name = Products;
			sourceTree = "<group>";
		};
		04D5F7222B3E99B900AE913C /* NetworkLayerIOS */ = {
			isa = PBXGroup;
			children = (
				04D5F73C2B3EA25700AE913C /* Domain */,
				04D5F7392B3E9AFC00AE913C /* Data */,
				04D5F7322B3E9A1200AE913C /* Network */,
				04D5F7312B3E99CB00AE913C /* Main */,
				04D5F7272B3E99BA00AE913C /* Assets.xcassets */,
				04D5F7292B3E99BA00AE913C /* Preview Content */,
			);
			path = NetworkLayerIOS;
			sourceTree = "<group>";
		};
		04D5F7292B3E99BA00AE913C /* Preview Content */ = {
			isa = PBXGroup;
			children = (
				04D5F72A2B3E99BA00AE913C /* Preview Assets.xcassets */,
			);
			path = "Preview Content";
			sourceTree = "<group>";
		};
		04D5F7312B3E99CB00AE913C /* Main */ = {
			isa = PBXGroup;
			children = (
				04D5F7232B3E99B900AE913C /* NetworkLayerIOSApp.swift */,
				04D5F7252B3E99B900AE913C /* ContentView.swift */,
			);
			path = Main;
			sourceTree = "<group>";
		};
		04D5F7322B3E9A1200AE913C /* Network */ = {
			isa = PBXGroup;
			children = (
				04D5F7422B3EA82400AE913C /* Services */,
				04D5F7332B3E9A1200AE913C /* HTTPClient.swift */,
				04D5F7342B3E9A1200AE913C /* NetworkError.swift */,
				04D5F7352B3E9A1200AE913C /* Endpoint.swift */,
			);
			path = Network;
			sourceTree = "<group>";
		};
		04D5F7392B3E9AFC00AE913C /* Data */ = {
			isa = PBXGroup;
			children = (
				04D5F73A2B3E9B2100AE913C /* AppEndpoints.swift */,
			);
			path = Data;
			sourceTree = "<group>";
		};
		04D5F73C2B3EA25700AE913C /* Domain */ = {
			isa = PBXGroup;
			children = (
				04D5F73D2B3EA25C00AE913C /* Entity */,
			);
			path = Domain;
			sourceTree = "<group>";
		};
		04D5F73D2B3EA25C00AE913C /* Entity */ = {
			isa = PBXGroup;
			children = (
				04D5F73E2B3EA26D00AE913C /* LoginRequest.swift */,
				04D5F7402B3EA2E300AE913C /* RegisterRequest.swift */,
				04D5F7452B3EB11700AE913C /* Post.swift */,
			);
			path = Entity;
			sourceTree = "<group>";
		};
		04D5F7422B3EA82400AE913C /* Services */ = {
			isa = PBXGroup;
			children = (
				04D5F7432B3EA83400AE913C /* AppService.swift */,
			);
			path = Services;
			sourceTree = "<group>";
		};
/* End PBXGroup section */

/* Begin PBXNativeTarget section */
		04D5F71F2B3E99B900AE913C /* NetworkLayerIOS */ = {
			isa = PBXNativeTarget;
			buildConfigurationList = 04D5F72E2B3E99BA00AE913C /* Build configuration list for PBXNativeTarget "NetworkLayerIOS" */;
			buildPhases = (
				04D5F71C2B3E99B900AE913C /* Sources */,
				04D5F71D2B3E99B900AE913C /* Frameworks */,
				04D5F71E2B3E99B900AE913C /* Resources */,
			);
			buildRules = (
			);
			dependencies = (
			);
			name = NetworkLayerIOS;
			productName = NetworkLayerIOS;
			productReference = 04D5F7202B3E99B900AE913C /* NetworkLayerIOS.app */;
			productType = "com.apple.product-type.application";
		};
/* End PBXNativeTarget section */

/* Begin PBXProject section */
		04D5F7182B3E99B900AE913C /* Project object */ = {
			isa = PBXProject;
			attributes = {
				BuildIndependentTargetsInParallel = 1;
				LastSwiftUpdateCheck = 1430;
				LastUpgradeCheck = 1430;
				TargetAttributes = {
					04D5F71F2B3E99B900AE913C = {
						CreatedOnToolsVersion = 14.3.1;
					};
				};
			};
			buildConfigurationList = 04D5F71B2B3E99B900AE913C /* Build configuration list for PBXProject "NetworkLayerIOS" */;
			compatibilityVersion = "Xcode 14.0";
			developmentRegion = en;
			hasScannedForEncodings = 0;
			knownRegions = (
				en,
				Base,
			);
			mainGroup = 04D5F7172B3E99B900AE913C;
			productRefGroup = 04D5F7212B3E99B900AE913C /* Products */;
			projectDirPath = "";
			projectRoot = "";
			targets = (
				04D5F71F2B3E99B900AE913C /* NetworkLayerIOS */,
			);
		};
/* End PBXProject section */

/* Begin PBXResourcesBuildPhase section */
		04D5F71E2B3E99B900AE913C /* Resources */ = {
			isa = PBXResourcesBuildPhase;
			buildActionMask = 2147483647;
			files = (
				04D5F72B2B3E99BA00AE913C /* Preview Assets.xcassets in Resources */,
				04D5F7282B3E99BA00AE913C /* Assets.xcassets in Resources */,
			);
			runOnlyForDeploymentPostprocessing = 0;
		};
/* End PBXResourcesBuildPhase section */

/* Begin PBXSourcesBuildPhase section */
		04D5F71C2B3E99B900AE913C /* Sources */ = {
			isa = PBXSourcesBuildPhase;
			buildActionMask = 2147483647;
			files = (
				04D5F7262B3E99B900AE913C /* ContentView.swift in Sources */,
				04D5F7442B3EA83400AE913C /* AppService.swift in Sources */,
				04D5F7372B3E9A1200AE913C /* NetworkError.swift in Sources */,
				04D5F7242B3E99B900AE913C /* NetworkLayerIOSApp.swift in Sources */,
				04D5F7362B3E9A1200AE913C /* HTTPClient.swift in Sources */,
				04D5F73B2B3E9B2100AE913C /* AppEndpoints.swift in Sources */,
				04D5F73F2B3EA26D00AE913C /* LoginRequest.swift in Sources */,
				04D5F7412B3EA2E300AE913C /* RegisterRequest.swift in Sources */,
				04D5F7382B3E9A1200AE913C /* Endpoint.swift in Sources */,
				04D5F7462B3EB11700AE913C /* Post.swift in Sources */,
			);
			runOnlyForDeploymentPostprocessing = 0;
		};
/* End PBXSourcesBuildPhase section */

/* Begin XCBuildConfiguration section */
		04D5F72C2B3E99BA00AE913C /* Debug */ = {
			isa = XCBuildConfiguration;
			buildSettings = {
				ALWAYS_SEARCH_USER_PATHS = NO;
				CLANG_ANALYZER_NONNULL = YES;
				CLANG_ANALYZER_NUMBER_OBJECT_CONVERSION = YES_AGGRESSIVE;
				CLANG_CXX_LANGUAGE_STANDARD = "gnu++20";
				CLANG_ENABLE_MODULES = YES;
				CLANG_ENABLE_OBJC_ARC = YES;
				CLANG_ENABLE_OBJC_WEAK = YES;
				CLANG_WARN_BLOCK_CAPTURE_AUTORELEASING = YES;
				CLANG_WARN_BOOL_CONVERSION = YES;
				CLANG_WARN_COMMA = YES;
				CLANG_WARN_CONSTANT_CONVERSION = YES;
				CLANG_WARN_DEPRECATED_OBJC_IMPLEMENTATIONS = YES;
				CLANG_WARN_DIRECT_OBJC_ISA_USAGE = YES_ERROR;
				CLANG_WARN_DOCUMENTATION_COMMENTS = YES;
				CLANG_WARN_EMPTY_BODY = YES;
				CLANG_WARN_ENUM_CONVERSION = YES;
				CLANG_WARN_INFINITE_RECURSION = YES;
				CLANG_WARN_INT_CONVERSION = YES;
				CLANG_WARN_NON_LITERAL_NULL_CONVERSION = YES;
				CLANG_WARN_OBJC_IMPLICIT_RETAIN_SELF = YES;
				CLANG_WARN_OBJC_LITERAL_CONVERSION = YES;
				CLANG_WARN_OBJC_ROOT_CLASS = YES_ERROR;
				CLANG_WARN_QUOTED_INCLUDE_IN_FRAMEWORK_HEADER = YES;
				CLANG_WARN_RANGE_LOOP_ANALYSIS = YES;
				CLANG_WARN_STRICT_PROTOTYPES = YES;
				CLANG_WARN_SUSPICIOUS_MOVE = YES;
				CLANG_WARN_UNGUARDED_AVAILABILITY = YES_AGGRESSIVE;
				CLANG_WARN_UNREACHABLE_CODE = YES;
				CLANG_WARN__DUPLICATE_METHOD_MATCH = YES;
				COPY_PHASE_STRIP = NO;
				DEBUG_INFORMATION_FORMAT = dwarf;
				ENABLE_STRICT_OBJC_MSGSEND = YES;
				ENABLE_TESTABILITY = YES;
				GCC_C_LANGUAGE_STANDARD = gnu11;
				GCC_DYNAMIC_NO_PIC = NO;
				GCC_NO_COMMON_BLOCKS = YES;
				GCC_OPTIMIZATION_LEVEL = 0;
				GCC_PREPROCESSOR_DEFINITIONS = (
					"DEBUG=1",
					"$(inherited)",
				);
				GCC_WARN_64_TO_32_BIT_CONVERSION = YES;
				GCC_WARN_ABOUT_RETURN_TYPE = YES_ERROR;
				GCC_WARN_UNDECLARED_SELECTOR = YES;
				GCC_WARN_UNINITIALIZED_AUTOS = YES_AGGRESSIVE;
				GCC_WARN_UNUSED_FUNCTION = YES;
				GCC_WARN_UNUSED_VARIABLE = YES;
				IPHONEOS_DEPLOYMENT_TARGET = 16.4;
				MTL_ENABLE_DEBUG_INFO = INCLUDE_SOURCE;
				MTL_FAST_MATH = YES;
				ONLY_ACTIVE_ARCH = YES;
				SDKROOT = iphoneos;
				SWIFT_ACTIVE_COMPILATION_CONDITIONS = DEBUG;
				SWIFT_OPTIMIZATION_LEVEL = "-Onone";
			};
			name = Debug;
		};
		04D5F72D2B3E99BA00AE913C /* Release */ = {
			isa = XCBuildConfiguration;
			buildSettings = {
				ALWAYS_SEARCH_USER_PATHS = NO;
				CLANG_ANALYZER_NONNULL = YES;
				CLANG_ANALYZER_NUMBER_OBJECT_CONVERSION = YES_AGGRESSIVE;
				CLANG_CXX_LANGUAGE_STANDARD = "gnu++20";
				CLANG_ENABLE_MODULES = YES;
				CLANG_ENABLE_OBJC_ARC = YES;
				CLANG_ENABLE_OBJC_WEAK = YES;
				CLANG_WARN_BLOCK_CAPTURE_AUTORELEASING = YES;
				CLANG_WARN_BOOL_CONVERSION = YES;
				CLANG_WARN_COMMA = YES;
				CLANG_WARN_CONSTANT_CONVERSION = YES;
				CLANG_WARN_DEPRECATED_OBJC_IMPLEMENTATIONS = YES;
				CLANG_WARN_DIRECT_OBJC_ISA_USAGE = YES_ERROR;
				CLANG_WARN_DOCUMENTATION_COMMENTS = YES;
				CLANG_WARN_EMPTY_BODY = YES;
				CLANG_WARN_ENUM_CONVERSION = YES;
				CLANG_WARN_INFINITE_RECURSION = YES;
				CLANG_WARN_INT_CONVERSION = YES;
				CLANG_WARN_NON_LITERAL_NULL_CONVERSION = YES;
				CLANG_WARN_OBJC_IMPLICIT_RETAIN_SELF = YES;
				CLANG_WARN_OBJC_LITERAL_CONVERSION = YES;
				CLANG_WARN_OBJC_ROOT_CLASS = YES_ERROR;
				CLANG_WARN_QUOTED_INCLUDE_IN_FRAMEWORK_HEADER = YES;
				CLANG_WARN_RANGE_LOOP_ANALYSIS = YES;
				CLANG_WARN_STRICT_PROTOTYPES = YES;
				CLANG_WARN_SUSPICIOUS_MOVE = YES;
				CLANG_WARN_UNGUARDED_AVAILABILITY = YES_AGGRESSIVE;
				CLANG_WARN_UNREACHABLE_CODE = YES;
				CLANG_WARN__DUPLICATE_METHOD_MATCH = YES;
				COPY_PHASE_STRIP = NO;
				DEBUG_INFORMATION_FORMAT = "dwarf-with-dsym";
				ENABLE_NS_ASSERTIONS = NO;
				ENABLE_STRICT_OBJC_MSGSEND = YES;
				GCC_C_LANGUAGE_STANDARD = gnu11;
				GCC_NO_COMMON_BLOCKS = YES;
				GCC_WARN_64_TO_32_BIT_CONVERSION = YES;
				GCC_WARN_ABOUT_RETURN_TYPE = YES_ERROR;
				GCC_WARN_UNDECLARED_SELECTOR = YES;
				GCC_WARN_UNINITIALIZED_AUTOS = YES_AGGRESSIVE;
				GCC_WARN_UNUSED_FUNCTION = YES;
				GCC_WARN_UNUSED_VARIABLE = YES;
				IPHONEOS_DEPLOYMENT_TARGET = 16.4;
				MTL_ENABLE_DEBUG_INFO = NO;
				MTL_FAST_MATH = YES;
				SDKROOT = iphoneos;
				SWIFT_COMPILATION_MODE = wholemodule;
				SWIFT_OPTIMIZATION_LEVEL = "-O";
				VALIDATE_PRODUCT = YES;
			};
			name = Release;
		};
		04D5F72F2B3E99BA00AE913C /* Debug */ = {
			isa = XCBuildConfiguration;
			buildSettings = {
				ASSETCATALOG_COMPILER_APPICON_NAME = AppIcon;
				ASSETCATALOG_COMPILER_GLOBAL_ACCENT_COLOR_NAME = AccentColor;
				CODE_SIGN_STYLE = Automatic;
				CURRENT_PROJECT_VERSION = 1;
				DEVELOPMENT_ASSET_PATHS = "\"NetworkLayerIOS/Preview Content\"";
				DEVELOPMENT_TEAM = U52624PYDN;
				ENABLE_PREVIEWS = YES;
				GENERATE_INFOPLIST_FILE = YES;
				INFOPLIST_KEY_UIApplicationSceneManifest_Generation = YES;
				INFOPLIST_KEY_UIApplicationSupportsIndirectInputEvents = YES;
				INFOPLIST_KEY_UILaunchScreen_Generation = YES;
				INFOPLIST_KEY_UISupportedInterfaceOrientations_iPad = "UIInterfaceOrientationPortrait UIInterfaceOrientationPortraitUpsideDown UIInterfaceOrientationLandscapeLeft UIInterfaceOrientationLandscapeRight";
				INFOPLIST_KEY_UISupportedInterfaceOrientations_iPhone = "UIInterfaceOrientationPortrait UIInterfaceOrientationLandscapeLeft UIInterfaceOrientationLandscapeRight";
				LD_RUNPATH_SEARCH_PATHS = (
					"$(inherited)",
					"@executable_path/Frameworks",
				);
				MARKETING_VERSION = 1.0;
				PRODUCT_BUNDLE_IDENTIFIER = com.samaritian.NetworkLayerIOS;
				PRODUCT_NAME = "$(TARGET_NAME)";
				SWIFT_EMIT_LOC_STRINGS = YES;
				SWIFT_VERSION = 5.0;
				TARGETED_DEVICE_FAMILY = "1,2";
			};
			name = Debug;
		};
		04D5F7302B3E99BA00AE913C /* Release */ = {
			isa = XCBuildConfiguration;
			buildSettings = {
				ASSETCATALOG_COMPILER_APPICON_NAME = AppIcon;
				ASSETCATALOG_COMPILER_GLOBAL_ACCENT_COLOR_NAME = AccentColor;
				CODE_SIGN_STYLE = Automatic;
				CURRENT_PROJECT_VERSION = 1;
				DEVELOPMENT_ASSET_PATHS = "\"NetworkLayerIOS/Preview Content\"";
				DEVELOPMENT_TEAM = U52624PYDN;
				ENABLE_PREVIEWS = YES;
				GENERATE_INFOPLIST_FILE = YES;
				INFOPLIST_KEY_UIApplicationSceneManifest_Generation = YES;
				INFOPLIST_KEY_UIApplicationSupportsIndirectInputEvents = YES;
				INFOPLIST_KEY_UILaunchScreen_Generation = YES;
				INFOPLIST_KEY_UISupportedInterfaceOrientations_iPad = "UIInterfaceOrientationPortrait UIInterfaceOrientationPortraitUpsideDown UIInterfaceOrientationLandscapeLeft UIInterfaceOrientationLandscapeRight";
				INFOPLIST_KEY_UISupportedInterfaceOrientations_iPhone = "UIInterfaceOrientationPortrait UIInterfaceOrientationLandscapeLeft UIInterfaceOrientationLandscapeRight";
				LD_RUNPATH_SEARCH_PATHS = (
					"$(inherited)",
					"@executable_path/Frameworks",
				);
				MARKETING_VERSION = 1.0;
				PRODUCT_BUNDLE_IDENTIFIER = com.samaritian.NetworkLayerIOS;
				PRODUCT_NAME = "$(TARGET_NAME)";
				SWIFT_EMIT_LOC_STRINGS = YES;
				SWIFT_VERSION = 5.0;
				TARGETED_DEVICE_FAMILY = "1,2";
			};
			name = Release;
		};
/* End XCBuildConfiguration section */

/* Begin XCConfigurationList section */
		04D5F71B2B3E99B900AE913C /* Build configuration list for PBXProject "NetworkLayerIOS" */ = {
			isa = XCConfigurationList;
			buildConfigurations = (
				04D5F72C2B3E99BA00AE913C /* Debug */,
				04D5F72D2B3E99BA00AE913C /* Release */,
			);
			defaultConfigurationIsVisible = 0;
			defaultConfigurationName = Release;
		};
		04D5F72E2B3E99BA00AE913C /* Build configuration list for PBXNativeTarget "NetworkLayerIOS" */ = {
			isa = XCConfigurationList;
			buildConfigurations = (
				04D5F72F2B3E99BA00AE913C /* Debug */,
				04D5F7302B3E99BA00AE913C /* Release */,
			);
			defaultConfigurationIsVisible = 0;
			defaultConfigurationName = Release;
		};
/* End XCConfigurationList section */
	};
	rootObject = 04D5F7182B3E99B900AE913C /* Project object */;
}
